
Microsoft Visual Studio Solution File, Format Version 12.00
# Visual Studio Version 16
VisualStudioVersion = 16.0.31515.178
MinimumVisualStudioVersion = 10.0.40219.1
Project("{FAE04EC0-301F-11D3-BF4B-00C04F79EFBC}") = "TodoApp.Models", "TodoApp.Models\TodoApp.Models.csproj", "{892AB56A-D37E-42D1-905C-A53F514F09C5}"
EndProject
Project("{2150E333-8FDC-42A3-9474-1A3956D46DE8}") = "UI", "UI", "{4A4FD5CE-AB3B-49A1-AFF1-49DFDE12AF5F}"
EndProject
Project("{FAE04EC0-301F-11D3-BF4B-00C04F79EFBC}") = "TodoApp.ConsoleApp", "TodoApp.ConsoleApp\TodoApp.ConsoleApp.csproj", "{BA717FBE-C6FE-43B1-BCFF-85D7E6E1D67E}"
EndProject
Global
	GlobalSection(SolutionConfigurationPlatforms) = preSolution
		Debug|Any CPU = Debug|Any CPU
		Release|Any CPU = Release|Any CPU
	EndGlobalSection
	GlobalSection(ProjectConfigurationPlatforms) = postSolution
		{892AB56A-D37E-42D1-905C-A53F514F09C5}.Debug|Any CPU.ActiveCfg = Debug|Any CPU
		{892AB56A-D37E-42D1-905C-A53F514F09C5}.Debug|Any CPU.Build.0 = Debug|Any CPU
		{892AB56A-D37E-42D1-905C-A53F514F09C5}.Release|Any CPU.ActiveCfg = Release|Any CPU
		{892AB56A-D37E-42D1-905C-A53F514F09C5}.Release|Any CPU.Build.0 = Release|Any CPU
		{BA717FBE-C6FE-43B1-BCFF-85D7E6E1D67E}.Debug|Any CPU.ActiveCfg = Debug|Any CPU
		{BA717FBE-C6FE-43B1-BCFF-85D7E6E1D67E}.Debug|Any CPU.Build.0 = Debug|Any CPU
		{BA717FBE-C6FE-43B1-BCFF-85D7E6E1D67E}.Release|Any CPU.ActiveCfg = Release|Any CPU
		{BA717FBE-C6FE-43B1-BCFF-85D7E6E1D67E}.Release|Any CPU.Build.0 = Release|Any CPU
	EndGlobalSection
	GlobalSection(SolutionProperties) = preSolution
		HideSolutionNode = FALSE
	EndGlobalSection
	GlobalSection(NestedProjects) = preSolution
		{BA717FBE-C6FE-43B1-BCFF-85D7E6E1D67E} = {4A4FD5CE-AB3B-49A1-AFF1-49DFDE12AF5F}
	EndGlobalSection
	GlobalSection(ExtensibilityGlobals) = postSolution
		SolutionGuid = {87599026-9630-4DCB-B2C9-792442BCA3E0}
	EndGlobalSection
EndGlobal
